// !$*UTF8*$!
{
	archiveVersion = 1;
	classes = {
	};
	objectVersion = 46;
	objects = {

/* Begin PBXBuildFile section */
		5D602095196130BD00276440 /* CoreImage.framework in Frameworks */ = {isa = PBXBuildFile; fileRef = 5D602094196130BD00276440 /* CoreImage.framework */; };
		5D602097196130C800276440 /* OpenGLES.framework in Frameworks */ = {isa = PBXBuildFile; fileRef = 5D602096196130C800276440 /* OpenGLES.framework */; };
		5D60209A196130ED00276440 /* CIFilter+LUT.m in Sources */ = {isa = PBXBuildFile; fileRef = 5D602099196130ED00276440 /* CIFilter+LUT.m */; };
		5D6020B81961313400276440 /* Anime.png in Resources */ = {isa = PBXBuildFile; fileRef = 5D60209C1961313400276440 /* Anime.png */; };
		5D6020B91961313400276440 /* Blue-Brown.png in Resources */ = {isa = PBXBuildFile; fileRef = 5D60209D1961313400276440 /* Blue-Brown.png */; };
		5D6020BA1961313400276440 /* Blue-Orange.png in Resources */ = {isa = PBXBuildFile; fileRef = 5D60209E1961313400276440 /* Blue-Orange.png */; };
		5D6020BB1961313400276440 /* Brannan.png in Resources */ = {isa = PBXBuildFile; fileRef = 5D60209F1961313400276440 /* Brannan.png */; };
		5D6020BC1961313400276440 /* Cobalt-Crimson.png in Resources */ = {isa = PBXBuildFile; fileRef = 5D6020A01961313400276440 /* Cobalt-Crimson.png */; };
		5D6020BD1961313400276440 /* Crimson-Clover.png in Resources */ = {isa = PBXBuildFile; fileRef = 5D6020A11961313400276440 /* Crimson-Clover.png */; };
		5D6020BE1961313400276440 /* Decrease.png in Resources */ = {isa = PBXBuildFile; fileRef = 5D6020A21961313400276440 /* Decrease.png */; };
		5D6020BF1961313400276440 /* Earlybird.png in Resources */ = {isa = PBXBuildFile; fileRef = 5D6020A31961313400276440 /* Earlybird.png */; };
		5D6020C01961313400276440 /* Gold-Blue.png in Resources */ = {isa = PBXBuildFile; fileRef = 5D6020A41961313400276440 /* Gold-Blue.png */; };
		5D6020C11961313400276440 /* Gold-Crimson.png in Resources */ = {isa = PBXBuildFile; fileRef = 5D6020A51961313400276440 /* Gold-Crimson.png */; };
		5D6020C21961313400276440 /* Gotham.png in Resources */ = {isa = PBXBuildFile; fileRef = 5D6020A61961313400276440 /* Gotham.png */; };
		5D6020C31961313400276440 /* Grimes.png in Resources */ = {isa = PBXBuildFile; fileRef = 5D6020A71961313400276440 /* Grimes.png */; };
		5D6020C41961313400276440 /* Hefe.png in Resources */ = {isa = PBXBuildFile; fileRef = 5D6020A81961313400276440 /* Hefe.png */; };
		5D6020C51961313400276440 /* Increase.png in Resources */ = {isa = PBXBuildFile; fileRef = 5D6020A91961313400276440 /* Increase.png */; };
		5D6020C61961313400276440 /* Inkwell.png in Resources */ = {isa = PBXBuildFile; fileRef = 5D6020AA1961313400276440 /* Inkwell.png */; };
		5D6020C71961313400276440 /* Lomo-fi.png in Resources */ = {isa = PBXBuildFile; fileRef = 5D6020AB1961313400276440 /* Lomo-fi.png */; };
		5D6020C81961313400276440 /* Lord-Kelvin.png in Resources */ = {isa = PBXBuildFile; fileRef = 5D6020AC1961313400276440 /* Lord-Kelvin.png */; };
		5D6020C91961313400276440 /* Lucille.png in Resources */ = {isa = PBXBuildFile; fileRef = 5D6020AD1961313400276440 /* Lucille.png */; };
		5D6020CA1961313400276440 /* Nashville.png in Resources */ = {isa = PBXBuildFile; fileRef = 5D6020AE1961313400276440 /* Nashville.png */; };
		5D6020CB1961313400276440 /* None.png in Resources */ = {isa = PBXBuildFile; fileRef = 5D6020AF1961313400276440 /* None.png */; };
		5D6020CC1961313400276440 /* Red-Blue-Yellow.png in Resources */ = {isa = PBXBuildFile; fileRef = 5D6020B01961313400276440 /* Red-Blue-Yellow.png */; };
		5D6020CD1961313400276440 /* Romero.png in Resources */ = {isa = PBXBuildFile; fileRef = 5D6020B11961313400276440 /* Romero.png */; };
		5D6020CE1961313400276440 /* Smokey.png in Resources */ = {isa = PBXBuildFile; fileRef = 5D6020B21961313400276440 /* Smokey.png */; };
		5D6020CF1961313400276440 /* Sutro.png in Resources */ = {isa = PBXBuildFile; fileRef = 5D6020B31961313400276440 /* Sutro.png */; };
		5D6020D01961313400276440 /* Teal-Magenta-Gold.png in Resources */ = {isa = PBXBuildFile; fileRef = 5D6020B41961313400276440 /* Teal-Magenta-Gold.png */; };
		5D6020D11961313400276440 /* Toaster.png in Resources */ = {isa = PBXBuildFile; fileRef = 5D6020B51961313400276440 /* Toaster.png */; };
		5D6020D21961313400276440 /* Walden.png in Resources */ = {isa = PBXBuildFile; fileRef = 5D6020B61961313400276440 /* Walden.png */; };
		5D6020D31961313400276440 /* X-Pro-II.png in Resources */ = {isa = PBXBuildFile; fileRef = 5D6020B71961313400276440 /* X-Pro-II.png */; };
		5DBA7B751963F72200163FBC /* go-inverse.png in Resources */ = {isa = PBXBuildFile; fileRef = 5DBA7B731963F72200163FBC /* go-inverse.png */; };
		5DBA7B761963F72200163FBC /* go-inverse@2x.png in Resources */ = {isa = PBXBuildFile; fileRef = 5DBA7B741963F72200163FBC /* go-inverse@2x.png */; };
		5DBA7B811963F9A400163FBC /* 1.png in Resources */ = {isa = PBXBuildFile; fileRef = 5DBA7B771963F9A400163FBC /* 1.png */; };
		5DBA7B821963F9A400163FBC /* 1@2x.png in Resources */ = {isa = PBXBuildFile; fileRef = 5DBA7B781963F9A400163FBC /* 1@2x.png */; };
		5DBA7B831963F9A400163FBC /* 2.png in Resources */ = {isa = PBXBuildFile; fileRef = 5DBA7B791963F9A400163FBC /* 2.png */; };
		5DBA7B841963F9A400163FBC /* 2@2x.png in Resources */ = {isa = PBXBuildFile; fileRef = 5DBA7B7A1963F9A400163FBC /* 2@2x.png */; };
		5DBA7B851963F9A400163FBC /* 3.png in Resources */ = {isa = PBXBuildFile; fileRef = 5DBA7B7B1963F9A400163FBC /* 3.png */; };
		5DBA7B861963F9A400163FBC /* 3@2x.png in Resources */ = {isa = PBXBuildFile; fileRef = 5DBA7B7C1963F9A400163FBC /* 3@2x.png */; };
		5DBA7B871963F9A400163FBC /* 4.png in Resources */ = {isa = PBXBuildFile; fileRef = 5DBA7B7D1963F9A400163FBC /* 4.png */; };
		5DBA7B881963F9A400163FBC /* 4@2x.png in Resources */ = {isa = PBXBuildFile; fileRef = 5DBA7B7E1963F9A400163FBC /* 4@2x.png */; };
		5DBA7B891963F9A400163FBC /* 5.png in Resources */ = {isa = PBXBuildFile; fileRef = 5DBA7B7F1963F9A400163FBC /* 5.png */; };
		5DBA7B8A1963F9A400163FBC /* 5@2x.png in Resources */ = {isa = PBXBuildFile; fileRef = 5DBA7B801963F9A400163FBC /* 5@2x.png */; };
		5DE6BAD11960ADEC00F69977 /* countdown-4up-1.tiff in Resources */ = {isa = PBXBuildFile; fileRef = 5DE6BACC1960ADEB00F69977 /* countdown-4up-1.tiff */; };
		5DE6BAD21960ADEC00F69977 /* countdown-4up-2.tiff in Resources */ = {isa = PBXBuildFile; fileRef = 5DE6BACD1960ADEB00F69977 /* countdown-4up-2.tiff */; };
		5DE6BAD31960ADEC00F69977 /* countdown-4up-3.tiff in Resources */ = {isa = PBXBuildFile; fileRef = 5DE6BACE1960ADEB00F69977 /* countdown-4up-3.tiff */; };
		5DE6BAD41960ADEC00F69977 /* countdown-cam_dim.tiff in Resources */ = {isa = PBXBuildFile; fileRef = 5DE6BACF1960ADEC00F69977 /* countdown-cam_dim.tiff */; };
		5DE6BAD51960ADEC00F69977 /* countdown-cam.tiff in Resources */ = {isa = PBXBuildFile; fileRef = 5DE6BAD01960ADEC00F69977 /* countdown-cam.tiff */; };
		5DE6BAD81960AE1A00F69977 /* fs-countdown-off.tiff in Resources */ = {isa = PBXBuildFile; fileRef = 5DE6BAD61960AE1A00F69977 /* fs-countdown-off.tiff */; };
		5DE6BAD91960AE1A00F69977 /* fs-countdown-on.tiff in Resources */ = {isa = PBXBuildFile; fileRef = 5DE6BAD71960AE1A00F69977 /* fs-countdown-on.tiff */; };
		5DE6BADB1960B13700F69977 /* IKBeep.aiff in Resources */ = {isa = PBXBuildFile; fileRef = 5DE6BADA1960B13700F69977 /* IKBeep.aiff */; };
		5DE6BADE1960B3D300F69977 /* 42899__freqman__canon-dos-d30-no-focus-2.wav in Resources */ = {isa = PBXBuildFile; fileRef = 5DE6BADC1960B3D300F69977 /* 42899__freqman__canon-dos-d30-no-focus-2.wav */; };
		5DE6BADF1960B3D300F69977 /* 166500__thompsonman__camera-shutter-2.wav in Resources */ = {isa = PBXBuildFile; fileRef = 5DE6BADD1960B3D300F69977 /* 166500__thompsonman__camera-shutter-2.wav */; };
		5DF73A0619613E1B0049007B /* AVCamAppDelegate.m in Sources */ = {isa = PBXBuildFile; fileRef = 5DF73A0119613E1B0049007B /* AVCamAppDelegate.m */; };
		5DF73A0719613E1B0049007B /* AVCamPreviewView.m in Sources */ = {isa = PBXBuildFile; fileRef = 5DF73A0319613E1B0049007B /* AVCamPreviewView.m */; };
		5DF73A0819613E1B0049007B /* AVCamViewController.m in Sources */ = {isa = PBXBuildFile; fileRef = 5DF73A0519613E1B0049007B /* AVCamViewController.m */; };
		5DF73A1619616FA90049007B /* indicator-active.png in Resources */ = {isa = PBXBuildFile; fileRef = 5DF73A1219616FA90049007B /* indicator-active.png */; };
		5DF73A1719616FA90049007B /* indicator-active@2x.png in Resources */ = {isa = PBXBuildFile; fileRef = 5DF73A1319616FA90049007B /* indicator-active@2x.png */; };
		5DF73A1819616FA90049007B /* indicator.png in Resources */ = {isa = PBXBuildFile; fileRef = 5DF73A1419616FA90049007B /* indicator.png */; };
		5DF73A1919616FA90049007B /* indicator@2x.png in Resources */ = {isa = PBXBuildFile; fileRef = 5DF73A1519616FA90049007B /* indicator@2x.png */; };
		5DF73A1C19618FCD0049007B /* UIImage+Resize.m in Sources */ = {isa = PBXBuildFile; fileRef = 5DF73A1A19618FCD0049007B /* UIImage+Resize.m */; };
		5DF73A21196191630049007B /* UIImage+Alpha.m in Sources */ = {isa = PBXBuildFile; fileRef = 5DF73A1E196191630049007B /* UIImage+Alpha.m */; };
		5DF73A22196191630049007B /* UIImage+RoundedCorner.m in Sources */ = {isa = PBXBuildFile; fileRef = 5DF73A1F196191630049007B /* UIImage+RoundedCorner.m */; };
		5DFA298119609BC5000954B0 /* Foundation.framework in Frameworks */ = {isa = PBXBuildFile; fileRef = 5DFA298019609BC5000954B0 /* Foundation.framework */; };
		5DFA298319609BC5000954B0 /* CoreGraphics.framework in Frameworks */ = {isa = PBXBuildFile; fileRef = 5DFA298219609BC5000954B0 /* CoreGraphics.framework */; };
		5DFA298519609BC5000954B0 /* UIKit.framework in Frameworks */ = {isa = PBXBuildFile; fileRef = 5DFA298419609BC5000954B0 /* UIKit.framework */; };
		5DFA298B19609BC5000954B0 /* InfoPlist.strings in Resources */ = {isa = PBXBuildFile; fileRef = 5DFA298919609BC5000954B0 /* InfoPlist.strings */; };
		5DFA298D19609BC5000954B0 /* main.m in Sources */ = {isa = PBXBuildFile; fileRef = 5DFA298C19609BC5000954B0 /* main.m */; };
		5DFA299119609BC5000954B0 /* SFAppDelegate.m in Sources */ = {isa = PBXBuildFile; fileRef = 5DFA299019609BC5000954B0 /* SFAppDelegate.m */; };
		5DFA299419609BC5000954B0 /* Main.storyboard in Resources */ = {isa = PBXBuildFile; fileRef = 5DFA299219609BC5000954B0 /* Main.storyboard */; };
		5DFA299719609BC5000954B0 /* SFViewController.m in Sources */ = {isa = PBXBuildFile; fileRef = 5DFA299619609BC5000954B0 /* SFViewController.m */; };
		5DFA299919609BC5000954B0 /* Images.xcassets in Resources */ = {isa = PBXBuildFile; fileRef = 5DFA299819609BC5000954B0 /* Images.xcassets */; };
		5DFA29A019609BC5000954B0 /* XCTest.framework in Frameworks */ = {isa = PBXBuildFile; fileRef = 5DFA299F19609BC5000954B0 /* XCTest.framework */; };
		5DFA29A119609BC5000954B0 /* Foundation.framework in Frameworks */ = {isa = PBXBuildFile; fileRef = 5DFA298019609BC5000954B0 /* Foundation.framework */; };
		5DFA29A219609BC5000954B0 /* UIKit.framework in Frameworks */ = {isa = PBXBuildFile; fileRef = 5DFA298419609BC5000954B0 /* UIKit.framework */; };
		5DFA29AA19609BC5000954B0 /* InfoPlist.strings in Resources */ = {isa = PBXBuildFile; fileRef = 5DFA29A819609BC5000954B0 /* InfoPlist.strings */; };
		5DFA29AC19609BC5000954B0 /* ScottFreeTests.m in Sources */ = {isa = PBXBuildFile; fileRef = 5DFA29AB19609BC5000954B0 /* ScottFreeTests.m */; };
		6C5D278F1961FDE100118202 /* SFFilterView.m in Sources */ = {isa = PBXBuildFile; fileRef = 6C5D278E1961FDE100118202 /* SFFilterView.m */; };
		6C5D27A3196206EC00118202 /* go.png in Resources */ = {isa = PBXBuildFile; fileRef = 6C5D2797196206EC00118202 /* go.png */; };
		6C5D27A4196206EC00118202 /* go@2x.png in Resources */ = {isa = PBXBuildFile; fileRef = 6C5D2798196206EC00118202 /* go@2x.png */; };
		6C5D27A5196206EC00118202 /* home-sidebar.png in Resources */ = {isa = PBXBuildFile; fileRef = 6C5D2799196206EC00118202 /* home-sidebar.png */; };
		6C5D27A6196206EC00118202 /* home-sidebar@2x.png in Resources */ = {isa = PBXBuildFile; fileRef = 6C5D279A196206EC00118202 /* home-sidebar@2x.png */; };
		6C5D27A7196206EC00118202 /* selfie-station.png in Resources */ = {isa = PBXBuildFile; fileRef = 6C5D279B196206EC00118202 /* selfie-station.png */; };
		6C5D27A8196206EC00118202 /* selfie-station@2x.png in Resources */ = {isa = PBXBuildFile; fileRef = 6C5D279C196206EC00118202 /* selfie-station@2x.png */; };
		6C5D27B319620C8F00118202 /* filter.png in Resources */ = {isa = PBXBuildFile; fileRef = 6C5D27A919620C8F00118202 /* filter.png */; };
		6C5D27B419620C8F00118202 /* filter@2x.png in Resources */ = {isa = PBXBuildFile; fileRef = 6C5D27AA19620C8F00118202 /* filter@2x.png */; };
		6C5D27B519620C8F00118202 /* post-send-copy.png in Resources */ = {isa = PBXBuildFile; fileRef = 6C5D27AB19620C8F00118202 /* post-send-copy.png */; };
		6C5D27B619620C8F00118202 /* post-send-copy@2x.png in Resources */ = {isa = PBXBuildFile; fileRef = 6C5D27AC19620C8F00118202 /* post-send-copy@2x.png */; };
		6C5D27B719620C8F00118202 /* post.png in Resources */ = {isa = PBXBuildFile; fileRef = 6C5D27AD19620C8F00118202 /* post.png */; };
		6C5D27B819620C8F00118202 /* post@2x.png in Resources */ = {isa = PBXBuildFile; fileRef = 6C5D27AE19620C8F00118202 /* post@2x.png */; };
		6C5D27B919620C8F00118202 /* retake.png in Resources */ = {isa = PBXBuildFile; fileRef = 6C5D27AF19620C8F00118202 /* retake.png */; };
		6C5D27BA19620C8F00118202 /* retake@2x.png in Resources */ = {isa = PBXBuildFile; fileRef = 6C5D27B019620C8F00118202 /* retake@2x.png */; };
		6C5D27BB19620C8F00118202 /* snap-a-pic.png in Resources */ = {isa = PBXBuildFile; fileRef = 6C5D27B119620C8F00118202 /* snap-a-pic.png */; };
		6C5D27BC19620C8F00118202 /* snap-a-pic@2x.png in Resources */ = {isa = PBXBuildFile; fileRef = 6C5D27B219620C8F00118202 /* snap-a-pic@2x.png */; };
		6CDB3C4119631DD400AE73DF /* scottfree-salon.png in Resources */ = {isa = PBXBuildFile; fileRef = 6CDB3C3F19631DD400AE73DF /* scottfree-salon.png */; };
		6CDB3C4219631DD400AE73DF /* scottfree-salon@2x.png in Resources */ = {isa = PBXBuildFile; fileRef = 6CDB3C4019631DD400AE73DF /* scottfree-salon@2x.png */; };
		6CDB3C481963685B00AE73DF /* ZFModalTransitionAnimator.m in Sources */ = {isa = PBXBuildFile; fileRef = 6CDB3C471963685B00AE73DF /* ZFModalTransitionAnimator.m */; };
		6CDB3C4B19636A9F00AE73DF /* SFModalViewController.m in Sources */ = {isa = PBXBuildFile; fileRef = 6CDB3C4A19636A9F00AE73DF /* SFModalViewController.m */; };
/* End PBXBuildFile section */

/* Begin PBXContainerItemProxy section */
		5DFA29A319609BC5000954B0 /* PBXContainerItemProxy */ = {
			isa = PBXContainerItemProxy;
			containerPortal = 5DFA297519609BC5000954B0 /* Project object */;
			proxyType = 1;
			remoteGlobalIDString = 5DFA297C19609BC5000954B0;
			remoteInfo = ScottFree;
		};
/* End PBXContainerItemProxy section */

/* Begin PBXFileReference section */
		5D602094196130BD00276440 /* CoreImage.framework */ = {isa = PBXFileReference; lastKnownFileType = wrapper.framework; name = CoreImage.framework; path = System/Library/Frameworks/CoreImage.framework; sourceTree = SDKROOT; };
		5D602096196130C800276440 /* OpenGLES.framework */ = {isa = PBXFileReference; lastKnownFileType = wrapper.framework; name = OpenGLES.framework; path = System/Library/Frameworks/OpenGLES.framework; sourceTree = SDKROOT; };
		5D602098196130ED00276440 /* CIFilter+LUT.h */ = {isa = PBXFileReference; fileEncoding = 4; lastKnownFileType = sourcecode.c.h; path = "CIFilter+LUT.h"; sourceTree = "<group>"; };
		5D602099196130ED00276440 /* CIFilter+LUT.m */ = {isa = PBXFileReference; fileEncoding = 4; lastKnownFileType = sourcecode.c.objc; path = "CIFilter+LUT.m"; sourceTree = "<group>"; };
		5D60209C1961313400276440 /* Anime.png */ = {isa = PBXFileReference; lastKnownFileType = image.png; path = Anime.png; sourceTree = "<group>"; };
		5D60209D1961313400276440 /* Blue-Brown.png */ = {isa = PBXFileReference; lastKnownFileType = image.png; path = "Blue-Brown.png"; sourceTree = "<group>"; };
		5D60209E1961313400276440 /* Blue-Orange.png */ = {isa = PBXFileReference; lastKnownFileType = image.png; path = "Blue-Orange.png"; sourceTree = "<group>"; };
		5D60209F1961313400276440 /* Brannan.png */ = {isa = PBXFileReference; lastKnownFileType = image.png; path = Brannan.png; sourceTree = "<group>"; };
		5D6020A01961313400276440 /* Cobalt-Crimson.png */ = {isa = PBXFileReference; lastKnownFileType = image.png; path = "Cobalt-Crimson.png"; sourceTree = "<group>"; };
		5D6020A11961313400276440 /* Crimson-Clover.png */ = {isa = PBXFileReference; lastKnownFileType = image.png; path = "Crimson-Clover.png"; sourceTree = "<group>"; };
		5D6020A21961313400276440 /* Decrease.png */ = {isa = PBXFileReference; lastKnownFileType = image.png; path = Decrease.png; sourceTree = "<group>"; };
		5D6020A31961313400276440 /* Earlybird.png */ = {isa = PBXFileReference; lastKnownFileType = image.png; path = Earlybird.png; sourceTree = "<group>"; };
		5D6020A41961313400276440 /* Gold-Blue.png */ = {isa = PBXFileReference; lastKnownFileType = image.png; path = "Gold-Blue.png"; sourceTree = "<group>"; };
		5D6020A51961313400276440 /* Gold-Crimson.png */ = {isa = PBXFileReference; lastKnownFileType = image.png; path = "Gold-Crimson.png"; sourceTree = "<group>"; };
		5D6020A61961313400276440 /* Gotham.png */ = {isa = PBXFileReference; lastKnownFileType = image.png; path = Gotham.png; sourceTree = "<group>"; };
		5D6020A71961313400276440 /* Grimes.png */ = {isa = PBXFileReference; lastKnownFileType = image.png; path = Grimes.png; sourceTree = "<group>"; };
		5D6020A81961313400276440 /* Hefe.png */ = {isa = PBXFileReference; lastKnownFileType = image.png; path = Hefe.png; sourceTree = "<group>"; };
		5D6020A91961313400276440 /* Increase.png */ = {isa = PBXFileReference; lastKnownFileType = image.png; path = Increase.png; sourceTree = "<group>"; };
		5D6020AA1961313400276440 /* Inkwell.png */ = {isa = PBXFileReference; lastKnownFileType = image.png; path = Inkwell.png; sourceTree = "<group>"; };
		5D6020AB1961313400276440 /* Lomo-fi.png */ = {isa = PBXFileReference; lastKnownFileType = image.png; path = "Lomo-fi.png"; sourceTree = "<group>"; };
		5D6020AC1961313400276440 /* Lord-Kelvin.png */ = {isa = PBXFileReference; lastKnownFileType = image.png; path = "Lord-Kelvin.png"; sourceTree = "<group>"; };
		5D6020AD1961313400276440 /* Lucille.png */ = {isa = PBXFileReference; lastKnownFileType = image.png; path = Lucille.png; sourceTree = "<group>"; };
		5D6020AE1961313400276440 /* Nashville.png */ = {isa = PBXFileReference; lastKnownFileType = image.png; path = Nashville.png; sourceTree = "<group>"; };
		5D6020AF1961313400276440 /* None.png */ = {isa = PBXFileReference; lastKnownFileType = image.png; path = None.png; sourceTree = "<group>"; };
		5D6020B01961313400276440 /* Red-Blue-Yellow.png */ = {isa = PBXFileReference; lastKnownFileType = image.png; path = "Red-Blue-Yellow.png"; sourceTree = "<group>"; };
		5D6020B11961313400276440 /* Romero.png */ = {isa = PBXFileReference; lastKnownFileType = image.png; path = Romero.png; sourceTree = "<group>"; };
		5D6020B21961313400276440 /* Smokey.png */ = {isa = PBXFileReference; lastKnownFileType = image.png; path = Smokey.png; sourceTree = "<group>"; };
		5D6020B31961313400276440 /* Sutro.png */ = {isa = PBXFileReference; lastKnownFileType = image.png; path = Sutro.png; sourceTree = "<group>"; };
		5D6020B41961313400276440 /* Teal-Magenta-Gold.png */ = {isa = PBXFileReference; lastKnownFileType = image.png; path = "Teal-Magenta-Gold.png"; sourceTree = "<group>"; };
		5D6020B51961313400276440 /* Toaster.png */ = {isa = PBXFileReference; lastKnownFileType = image.png; path = Toaster.png; sourceTree = "<group>"; };
		5D6020B61961313400276440 /* Walden.png */ = {isa = PBXFileReference; lastKnownFileType = image.png; path = Walden.png; sourceTree = "<group>"; };
		5D6020B71961313400276440 /* X-Pro-II.png */ = {isa = PBXFileReference; lastKnownFileType = image.png; path = "X-Pro-II.png"; sourceTree = "<group>"; };
		5DBA7B731963F72200163FBC /* go-inverse.png */ = {isa = PBXFileReference; lastKnownFileType = image.png; path = "go-inverse.png"; sourceTree = "<group>"; };
		5DBA7B741963F72200163FBC /* go-inverse@2x.png */ = {isa = PBXFileReference; lastKnownFileType = image.png; path = "go-inverse@2x.png"; sourceTree = "<group>"; };
		5DBA7B771963F9A400163FBC /* 1.png */ = {isa = PBXFileReference; lastKnownFileType = image.png; path = 1.png; sourceTree = "<group>"; };
		5DBA7B781963F9A400163FBC /* 1@2x.png */ = {isa = PBXFileReference; lastKnownFileType = image.png; path = "1@2x.png"; sourceTree = "<group>"; };
		5DBA7B791963F9A400163FBC /* 2.png */ = {isa = PBXFileReference; lastKnownFileType = image.png; path = 2.png; sourceTree = "<group>"; };
		5DBA7B7A1963F9A400163FBC /* 2@2x.png */ = {isa = PBXFileReference; lastKnownFileType = image.png; path = "2@2x.png"; sourceTree = "<group>"; };
		5DBA7B7B1963F9A400163FBC /* 3.png */ = {isa = PBXFileReference; lastKnownFileType = image.png; path = 3.png; sourceTree = "<group>"; };
		5DBA7B7C1963F9A400163FBC /* 3@2x.png */ = {isa = PBXFileReference; lastKnownFileType = image.png; path = "3@2x.png"; sourceTree = "<group>"; };
		5DBA7B7D1963F9A400163FBC /* 4.png */ = {isa = PBXFileReference; lastKnownFileType = image.png; path = 4.png; sourceTree = "<group>"; };
		5DBA7B7E1963F9A400163FBC /* 4@2x.png */ = {isa = PBXFileReference; lastKnownFileType = image.png; path = "4@2x.png"; sourceTree = "<group>"; };
		5DBA7B7F1963F9A400163FBC /* 5.png */ = {isa = PBXFileReference; lastKnownFileType = image.png; path = 5.png; sourceTree = "<group>"; };
		5DBA7B801963F9A400163FBC /* 5@2x.png */ = {isa = PBXFileReference; lastKnownFileType = image.png; path = "5@2x.png"; sourceTree = "<group>"; };
		5DE6BACC1960ADEB00F69977 /* countdown-4up-1.tiff */ = {isa = PBXFileReference; lastKnownFileType = image.tiff; path = "countdown-4up-1.tiff"; sourceTree = "<group>"; };
		5DE6BACD1960ADEB00F69977 /* countdown-4up-2.tiff */ = {isa = PBXFileReference; lastKnownFileType = image.tiff; path = "countdown-4up-2.tiff"; sourceTree = "<group>"; };
		5DE6BACE1960ADEB00F69977 /* countdown-4up-3.tiff */ = {isa = PBXFileReference; lastKnownFileType = image.tiff; path = "countdown-4up-3.tiff"; sourceTree = "<group>"; };
		5DE6BACF1960ADEC00F69977 /* countdown-cam_dim.tiff */ = {isa = PBXFileReference; lastKnownFileType = image.tiff; path = "countdown-cam_dim.tiff"; sourceTree = "<group>"; };
		5DE6BAD01960ADEC00F69977 /* countdown-cam.tiff */ = {isa = PBXFileReference; lastKnownFileType = image.tiff; path = "countdown-cam.tiff"; sourceTree = "<group>"; };
		5DE6BAD61960AE1A00F69977 /* fs-countdown-off.tiff */ = {isa = PBXFileReference; lastKnownFileType = image.tiff; path = "fs-countdown-off.tiff"; sourceTree = "<group>"; };
		5DE6BAD71960AE1A00F69977 /* fs-countdown-on.tiff */ = {isa = PBXFileReference; lastKnownFileType = image.tiff; path = "fs-countdown-on.tiff"; sourceTree = "<group>"; };
		5DE6BADA1960B13700F69977 /* IKBeep.aiff */ = {isa = PBXFileReference; lastKnownFileType = audio.aiff; path = IKBeep.aiff; sourceTree = "<group>"; };
		5DE6BADC1960B3D300F69977 /* 42899__freqman__canon-dos-d30-no-focus-2.wav */ = {isa = PBXFileReference; lastKnownFileType = audio.wav; path = "42899__freqman__canon-dos-d30-no-focus-2.wav"; sourceTree = "<group>"; };
		5DE6BADD1960B3D300F69977 /* 166500__thompsonman__camera-shutter-2.wav */ = {isa = PBXFileReference; lastKnownFileType = audio.wav; path = "166500__thompsonman__camera-shutter-2.wav"; sourceTree = "<group>"; };
		5DF73A0019613E1B0049007B /* AVCamAppDelegate.h */ = {isa = PBXFileReference; fileEncoding = 4; lastKnownFileType = sourcecode.c.h; path = AVCamAppDelegate.h; sourceTree = "<group>"; };
		5DF73A0119613E1B0049007B /* AVCamAppDelegate.m */ = {isa = PBXFileReference; fileEncoding = 4; lastKnownFileType = sourcecode.c.objc; path = AVCamAppDelegate.m; sourceTree = "<group>"; };
		5DF73A0219613E1B0049007B /* AVCamPreviewView.h */ = {isa = PBXFileReference; fileEncoding = 4; lastKnownFileType = sourcecode.c.h; path = AVCamPreviewView.h; sourceTree = "<group>"; };
		5DF73A0319613E1B0049007B /* AVCamPreviewView.m */ = {isa = PBXFileReference; fileEncoding = 4; lastKnownFileType = sourcecode.c.objc; path = AVCamPreviewView.m; sourceTree = "<group>"; };
		5DF73A0419613E1B0049007B /* AVCamViewController.h */ = {isa = PBXFileReference; fileEncoding = 4; lastKnownFileType = sourcecode.c.h; path = AVCamViewController.h; sourceTree = "<group>"; };
		5DF73A0519613E1B0049007B /* AVCamViewController.m */ = {isa = PBXFileReference; fileEncoding = 4; lastKnownFileType = sourcecode.c.objc; path = AVCamViewController.m; sourceTree = "<group>"; };
		5DF73A1219616FA90049007B /* indicator-active.png */ = {isa = PBXFileReference; lastKnownFileType = image.png; path = "indicator-active.png"; sourceTree = "<group>"; };
		5DF73A1319616FA90049007B /* indicator-active@2x.png */ = {isa = PBXFileReference; lastKnownFileType = image.png; path = "indicator-active@2x.png"; sourceTree = "<group>"; };
		5DF73A1419616FA90049007B /* indicator.png */ = {isa = PBXFileReference; lastKnownFileType = image.png; path = indicator.png; sourceTree = "<group>"; };
		5DF73A1519616FA90049007B /* indicator@2x.png */ = {isa = PBXFileReference; lastKnownFileType = image.png; path = "indicator@2x.png"; sourceTree = "<group>"; };
		5DF73A1A19618FCD0049007B /* UIImage+Resize.m */ = {isa = PBXFileReference; fileEncoding = 4; lastKnownFileType = sourcecode.c.objc; path = "UIImage+Resize.m"; sourceTree = "<group>"; };
		5DF73A1B19618FCD0049007B /* UIImage+Resize.h */ = {isa = PBXFileReference; fileEncoding = 4; lastKnownFileType = sourcecode.c.h; path = "UIImage+Resize.h"; sourceTree = "<group>"; };
		5DF73A1D196191630049007B /* UIImage+Alpha.h */ = {isa = PBXFileReference; fileEncoding = 4; lastKnownFileType = sourcecode.c.h; path = "UIImage+Alpha.h"; sourceTree = "<group>"; };
		5DF73A1E196191630049007B /* UIImage+Alpha.m */ = {isa = PBXFileReference; fileEncoding = 4; lastKnownFileType = sourcecode.c.objc; path = "UIImage+Alpha.m"; sourceTree = "<group>"; };
		5DF73A1F196191630049007B /* UIImage+RoundedCorner.m */ = {isa = PBXFileReference; fileEncoding = 4; lastKnownFileType = sourcecode.c.objc; path = "UIImage+RoundedCorner.m"; sourceTree = "<group>"; };
		5DF73A20196191630049007B /* UIImage+RoundedCorner.h */ = {isa = PBXFileReference; fileEncoding = 4; lastKnownFileType = sourcecode.c.h; path = "UIImage+RoundedCorner.h"; sourceTree = "<group>"; };
		5DFA297D19609BC5000954B0 /* Selfie.app */ = {isa = PBXFileReference; explicitFileType = wrapper.application; includeInIndex = 0; path = Selfie.app; sourceTree = BUILT_PRODUCTS_DIR; };
		5DFA298019609BC5000954B0 /* Foundation.framework */ = {isa = PBXFileReference; lastKnownFileType = wrapper.framework; name = Foundation.framework; path = System/Library/Frameworks/Foundation.framework; sourceTree = SDKROOT; };
		5DFA298219609BC5000954B0 /* CoreGraphics.framework */ = {isa = PBXFileReference; lastKnownFileType = wrapper.framework; name = CoreGraphics.framework; path = System/Library/Frameworks/CoreGraphics.framework; sourceTree = SDKROOT; };
		5DFA298419609BC5000954B0 /* UIKit.framework */ = {isa = PBXFileReference; lastKnownFileType = wrapper.framework; name = UIKit.framework; path = System/Library/Frameworks/UIKit.framework; sourceTree = SDKROOT; };
		5DFA298819609BC5000954B0 /* ScottFree-Info.plist */ = {isa = PBXFileReference; lastKnownFileType = text.plist.xml; path = "ScottFree-Info.plist"; sourceTree = "<group>"; };
		5DFA298A19609BC5000954B0 /* en */ = {isa = PBXFileReference; lastKnownFileType = text.plist.strings; name = en; path = en.lproj/InfoPlist.strings; sourceTree = "<group>"; };
		5DFA298C19609BC5000954B0 /* main.m */ = {isa = PBXFileReference; lastKnownFileType = sourcecode.c.objc; path = main.m; sourceTree = "<group>"; };
		5DFA298E19609BC5000954B0 /* ScottFree-Prefix.pch */ = {isa = PBXFileReference; lastKnownFileType = sourcecode.c.h; path = "ScottFree-Prefix.pch"; sourceTree = "<group>"; };
		5DFA298F19609BC5000954B0 /* SFAppDelegate.h */ = {isa = PBXFileReference; lastKnownFileType = sourcecode.c.h; path = SFAppDelegate.h; sourceTree = "<group>"; };
		5DFA299019609BC5000954B0 /* SFAppDelegate.m */ = {isa = PBXFileReference; lastKnownFileType = sourcecode.c.objc; path = SFAppDelegate.m; sourceTree = "<group>"; };
		5DFA299319609BC5000954B0 /* Base */ = {isa = PBXFileReference; lastKnownFileType = file.storyboard; name = Base; path = Base.lproj/Main.storyboard; sourceTree = "<group>"; };
		5DFA299519609BC5000954B0 /* SFViewController.h */ = {isa = PBXFileReference; lastKnownFileType = sourcecode.c.h; path = SFViewController.h; sourceTree = "<group>"; };
		5DFA299619609BC5000954B0 /* SFViewController.m */ = {isa = PBXFileReference; lastKnownFileType = sourcecode.c.objc; path = SFViewController.m; sourceTree = "<group>"; };
		5DFA299819609BC5000954B0 /* Images.xcassets */ = {isa = PBXFileReference; lastKnownFileType = folder.assetcatalog; path = Images.xcassets; sourceTree = "<group>"; };
		5DFA299E19609BC5000954B0 /* ScottFreeTests.xctest */ = {isa = PBXFileReference; explicitFileType = wrapper.cfbundle; includeInIndex = 0; path = ScottFreeTests.xctest; sourceTree = BUILT_PRODUCTS_DIR; };
		5DFA299F19609BC5000954B0 /* XCTest.framework */ = {isa = PBXFileReference; lastKnownFileType = wrapper.framework; name = XCTest.framework; path = Library/Frameworks/XCTest.framework; sourceTree = DEVELOPER_DIR; };
		5DFA29A719609BC5000954B0 /* ScottFreeTests-Info.plist */ = {isa = PBXFileReference; lastKnownFileType = text.plist.xml; path = "ScottFreeTests-Info.plist"; sourceTree = "<group>"; };
		5DFA29A919609BC5000954B0 /* en */ = {isa = PBXFileReference; lastKnownFileType = text.plist.strings; name = en; path = en.lproj/InfoPlist.strings; sourceTree = "<group>"; };
		5DFA29AB19609BC5000954B0 /* ScottFreeTests.m */ = {isa = PBXFileReference; lastKnownFileType = sourcecode.c.objc; path = ScottFreeTests.m; sourceTree = "<group>"; };
		6C5D278D1961FDE100118202 /* SFFilterView.h */ = {isa = PBXFileReference; fileEncoding = 4; lastKnownFileType = sourcecode.c.h; path = SFFilterView.h; sourceTree = "<group>"; };
		6C5D278E1961FDE100118202 /* SFFilterView.m */ = {isa = PBXFileReference; fileEncoding = 4; lastKnownFileType = sourcecode.c.objc; path = SFFilterView.m; sourceTree = "<group>"; };
		6C5D2797196206EC00118202 /* go.png */ = {isa = PBXFileReference; lastKnownFileType = image.png; path = go.png; sourceTree = "<group>"; };
		6C5D2798196206EC00118202 /* go@2x.png */ = {isa = PBXFileReference; lastKnownFileType = image.png; path = "go@2x.png"; sourceTree = "<group>"; };
		6C5D2799196206EC00118202 /* home-sidebar.png */ = {isa = PBXFileReference; lastKnownFileType = image.png; path = "home-sidebar.png"; sourceTree = "<group>"; };
		6C5D279A196206EC00118202 /* home-sidebar@2x.png */ = {isa = PBXFileReference; lastKnownFileType = image.png; path = "home-sidebar@2x.png"; sourceTree = "<group>"; };
		6C5D279B196206EC00118202 /* selfie-station.png */ = {isa = PBXFileReference; lastKnownFileType = image.png; path = "selfie-station.png"; sourceTree = "<group>"; };
		6C5D279C196206EC00118202 /* selfie-station@2x.png */ = {isa = PBXFileReference; lastKnownFileType = image.png; path = "selfie-station@2x.png"; sourceTree = "<group>"; };
		6C5D27A919620C8F00118202 /* filter.png */ = {isa = PBXFileReference; lastKnownFileType = image.png; path = filter.png; sourceTree = "<group>"; };
		6C5D27AA19620C8F00118202 /* filter@2x.png */ = {isa = PBXFileReference; lastKnownFileType = image.png; path = "filter@2x.png"; sourceTree = "<group>"; };
		6C5D27AB19620C8F00118202 /* post-send-copy.png */ = {isa = PBXFileReference; lastKnownFileType = image.png; path = "post-send-copy.png"; sourceTree = "<group>"; };
		6C5D27AC19620C8F00118202 /* post-send-copy@2x.png */ = {isa = PBXFileReference; lastKnownFileType = image.png; path = "post-send-copy@2x.png"; sourceTree = "<group>"; };
		6C5D27AD19620C8F00118202 /* post.png */ = {isa = PBXFileReference; lastKnownFileType = image.png; path = post.png; sourceTree = "<group>"; };
		6C5D27AE19620C8F00118202 /* post@2x.png */ = {isa = PBXFileReference; lastKnownFileType = image.png; path = "post@2x.png"; sourceTree = "<group>"; };
		6C5D27AF19620C8F00118202 /* retake.png */ = {isa = PBXFileReference; lastKnownFileType = image.png; path = retake.png; sourceTree = "<group>"; };
		6C5D27B019620C8F00118202 /* retake@2x.png */ = {isa = PBXFileReference; lastKnownFileType = image.png; path = "retake@2x.png"; sourceTree = "<group>"; };
		6C5D27B119620C8F00118202 /* snap-a-pic.png */ = {isa = PBXFileReference; lastKnownFileType = image.png; path = "snap-a-pic.png"; sourceTree = "<group>"; };
		6C5D27B219620C8F00118202 /* snap-a-pic@2x.png */ = {isa = PBXFileReference; lastKnownFileType = image.png; path = "snap-a-pic@2x.png"; sourceTree = "<group>"; };
		6CDB3C3F19631DD400AE73DF /* scottfree-salon.png */ = {isa = PBXFileReference; lastKnownFileType = image.png; path = "scottfree-salon.png"; sourceTree = "<group>"; };
		6CDB3C4019631DD400AE73DF /* scottfree-salon@2x.png */ = {isa = PBXFileReference; lastKnownFileType = image.png; path = "scottfree-salon@2x.png"; sourceTree = "<group>"; };
		6CDB3C461963685B00AE73DF /* ZFModalTransitionAnimator.h */ = {isa = PBXFileReference; fileEncoding = 4; lastKnownFileType = sourcecode.c.h; path = ZFModalTransitionAnimator.h; sourceTree = "<group>"; };
		6CDB3C471963685B00AE73DF /* ZFModalTransitionAnimator.m */ = {isa = PBXFileReference; fileEncoding = 4; lastKnownFileType = sourcecode.c.objc; path = ZFModalTransitionAnimator.m; sourceTree = "<group>"; };
		6CDB3C4919636A9F00AE73DF /* SFModalViewController.h */ = {isa = PBXFileReference; fileEncoding = 4; lastKnownFileType = sourcecode.c.h; path = SFModalViewController.h; sourceTree = "<group>"; };
		6CDB3C4A19636A9F00AE73DF /* SFModalViewController.m */ = {isa = PBXFileReference; fileEncoding = 4; lastKnownFileType = sourcecode.c.objc; path = SFModalViewController.m; sourceTree = "<group>"; };
/* End PBXFileReference section */

/* Begin PBXFrameworksBuildPhase section */
		5DFA297A19609BC5000954B0 /* Frameworks */ = {
			isa = PBXFrameworksBuildPhase;
			buildActionMask = 2147483647;
			files = (
				5D602097196130C800276440 /* OpenGLES.framework in Frameworks */,
				5D602095196130BD00276440 /* CoreImage.framework in Frameworks */,
				5DFA298319609BC5000954B0 /* CoreGraphics.framework in Frameworks */,
				5DFA298519609BC5000954B0 /* UIKit.framework in Frameworks */,
				5DFA298119609BC5000954B0 /* Foundation.framework in Frameworks */,
			);
			runOnlyForDeploymentPostprocessing = 0;
		};
		5DFA299B19609BC5000954B0 /* Frameworks */ = {
			isa = PBXFrameworksBuildPhase;
			buildActionMask = 2147483647;
			files = (
				5DFA29A019609BC5000954B0 /* XCTest.framework in Frameworks */,
				5DFA29A219609BC5000954B0 /* UIKit.framework in Frameworks */,
				5DFA29A119609BC5000954B0 /* Foundation.framework in Frameworks */,
			);
			runOnlyForDeploymentPostprocessing = 0;
		};
/* End PBXFrameworksBuildPhase section */

/* Begin PBXGroup section */
		5D60209B196130FB00276440 /* LUT */ = {
			isa = PBXGroup;
			children = (
				5D60209C1961313400276440 /* Anime.png */,
				5D60209D1961313400276440 /* Blue-Brown.png */,
				5D60209E1961313400276440 /* Blue-Orange.png */,
				5D60209F1961313400276440 /* Brannan.png */,
				5D6020A01961313400276440 /* Cobalt-Crimson.png */,
				5D6020A11961313400276440 /* Crimson-Clover.png */,
				5D6020A21961313400276440 /* Decrease.png */,
				5D6020A31961313400276440 /* Earlybird.png */,
				5D6020A41961313400276440 /* Gold-Blue.png */,
				5D6020A51961313400276440 /* Gold-Crimson.png */,
				5D6020A61961313400276440 /* Gotham.png */,
				5D6020A71961313400276440 /* Grimes.png */,
				5D6020A81961313400276440 /* Hefe.png */,
				5D6020A91961313400276440 /* Increase.png */,
				5D6020AA1961313400276440 /* Inkwell.png */,
				5D6020AB1961313400276440 /* Lomo-fi.png */,
				5D6020AC1961313400276440 /* Lord-Kelvin.png */,
				5D6020AD1961313400276440 /* Lucille.png */,
				5D6020AE1961313400276440 /* Nashville.png */,
				5D6020AF1961313400276440 /* None.png */,
				5D6020B01961313400276440 /* Red-Blue-Yellow.png */,
				5D6020B11961313400276440 /* Romero.png */,
				5D6020B21961313400276440 /* Smokey.png */,
				5D6020B31961313400276440 /* Sutro.png */,
				5D6020B41961313400276440 /* Teal-Magenta-Gold.png */,
				5D6020B51961313400276440 /* Toaster.png */,
				5D6020B61961313400276440 /* Walden.png */,
				5D6020B71961313400276440 /* X-Pro-II.png */,
			);
			name = LUT;
			sourceTree = "<group>";
		};
		5DF739F319613D500049007B /* AVCam */ = {
			isa = PBXGroup;
			children = (
				5DF73A0019613E1B0049007B /* AVCamAppDelegate.h */,
				5DF73A0119613E1B0049007B /* AVCamAppDelegate.m */,
				5DF73A0219613E1B0049007B /* AVCamPreviewView.h */,
				5DF73A0319613E1B0049007B /* AVCamPreviewView.m */,
				5DF73A0419613E1B0049007B /* AVCamViewController.h */,
				5DF73A0519613E1B0049007B /* AVCamViewController.m */,
			);
			name = AVCam;
			sourceTree = "<group>";
		};
		5DFA297419609BC5000954B0 = {
			isa = PBXGroup;
			children = (
				5DFA298619609BC5000954B0 /* ScottFree */,
				5DFA29A519609BC5000954B0 /* ScottFreeTests */,
				5DFA297F19609BC5000954B0 /* Frameworks */,
				5DFA297E19609BC5000954B0 /* Products */,
			);
			sourceTree = "<group>";
		};
		5DFA297E19609BC5000954B0 /* Products */ = {
			isa = PBXGroup;
			children = (
				5DFA297D19609BC5000954B0 /* Selfie.app */,
				5DFA299E19609BC5000954B0 /* ScottFreeTests.xctest */,
			);
			name = Products;
			sourceTree = "<group>";
		};
		5DFA297F19609BC5000954B0 /* Frameworks */ = {
			isa = PBXGroup;
			children = (
				5D602096196130C800276440 /* OpenGLES.framework */,
				5D602094196130BD00276440 /* CoreImage.framework */,
				5DFA298019609BC5000954B0 /* Foundation.framework */,
				5DFA298219609BC5000954B0 /* CoreGraphics.framework */,
				5DFA298419609BC5000954B0 /* UIKit.framework */,
				5DFA299F19609BC5000954B0 /* XCTest.framework */,
			);
			name = Frameworks;
			sourceTree = "<group>";
		};
		5DFA298619609BC5000954B0 /* ScottFree */ = {
			isa = PBXGroup;
			children = (
				5DBA7B731963F72200163FBC /* go-inverse.png */,
				5DBA7B741963F72200163FBC /* go-inverse@2x.png */,
				6C5D2790196206E300118202 /* Images */,
				5DF73A1219616FA90049007B /* indicator-active.png */,
				5DF73A1319616FA90049007B /* indicator-active@2x.png */,
				5DF73A1419616FA90049007B /* indicator.png */,
				5DF73A1519616FA90049007B /* indicator@2x.png */,
				5DF739F319613D500049007B /* AVCam */,
				5D60209B196130FB00276440 /* LUT */,
				5DFA299519609BC5000954B0 /* SFViewController.h */,
				5DFA299619609BC5000954B0 /* SFViewController.m */,
				5D602098196130ED00276440 /* CIFilter+LUT.h */,
				5D602099196130ED00276440 /* CIFilter+LUT.m */,
				6CDB3C461963685B00AE73DF /* ZFModalTransitionAnimator.h */,
				6CDB3C471963685B00AE73DF /* ZFModalTransitionAnimator.m */,
				5DF73A1A19618FCD0049007B /* UIImage+Resize.m */,
				5DF73A1B19618FCD0049007B /* UIImage+Resize.h */,
				5DF73A1D196191630049007B /* UIImage+Alpha.h */,
				5DF73A1E196191630049007B /* UIImage+Alpha.m */,
				5DF73A1F196191630049007B /* UIImage+RoundedCorner.m */,
				5DF73A20196191630049007B /* UIImage+RoundedCorner.h */,
				5DFA298F19609BC5000954B0 /* SFAppDelegate.h */,
				5DFA299019609BC5000954B0 /* SFAppDelegate.m */,
				5DFA299219609BC5000954B0 /* Main.storyboard */,
				6CDB3C4919636A9F00AE73DF /* SFModalViewController.h */,
				6CDB3C4A19636A9F00AE73DF /* SFModalViewController.m */,
				6C5D278D1961FDE100118202 /* SFFilterView.h */,
				6C5D278E1961FDE100118202 /* SFFilterView.m */,
				5DE6BADA1960B13700F69977 /* IKBeep.aiff */,
				5DE6BACC1960ADEB00F69977 /* countdown-4up-1.tiff */,
				5DE6BACD1960ADEB00F69977 /* countdown-4up-2.tiff */,
				5DE6BACE1960ADEB00F69977 /* countdown-4up-3.tiff */,
				5DE6BAD61960AE1A00F69977 /* fs-countdown-off.tiff */,
				5DE6BAD71960AE1A00F69977 /* fs-countdown-on.tiff */,
				5DE6BACF1960ADEC00F69977 /* countdown-cam_dim.tiff */,
				5DE6BAD01960ADEC00F69977 /* countdown-cam.tiff */,
				5DE6BADC1960B3D300F69977 /* 42899__freqman__canon-dos-d30-no-focus-2.wav */,
				5DE6BADD1960B3D300F69977 /* 166500__thompsonman__camera-shutter-2.wav */,
				5DFA299819609BC5000954B0 /* Images.xcassets */,
				5DFA298719609BC5000954B0 /* Supporting Files */,
			);
			path = ScottFree;
			sourceTree = "<group>";
		};
		5DFA298719609BC5000954B0 /* Supporting Files */ = {
			isa = PBXGroup;
			children = (
				5DFA298819609BC5000954B0 /* ScottFree-Info.plist */,
				5DFA298919609BC5000954B0 /* InfoPlist.strings */,
				5DFA298C19609BC5000954B0 /* main.m */,
				5DFA298E19609BC5000954B0 /* ScottFree-Prefix.pch */,
			);
			name = "Supporting Files";
			sourceTree = "<group>";
		};
		5DFA29A519609BC5000954B0 /* ScottFreeTests */ = {
			isa = PBXGroup;
			children = (
				5DFA29AB19609BC5000954B0 /* ScottFreeTests.m */,
				5DFA29A619609BC5000954B0 /* Supporting Files */,
			);
			path = ScottFreeTests;
			sourceTree = "<group>";
		};
		5DFA29A619609BC5000954B0 /* Supporting Files */ = {
			isa = PBXGroup;
			children = (
				5DFA29A719609BC5000954B0 /* ScottFreeTests-Info.plist */,
				5DFA29A819609BC5000954B0 /* InfoPlist.strings */,
			);
			name = "Supporting Files";
			sourceTree = "<group>";
		};
		6C5D2790196206E300118202 /* Images */ = {
			isa = PBXGroup;
			children = (
				6CDB3C3F19631DD400AE73DF /* scottfree-salon.png */,
				6CDB3C4019631DD400AE73DF /* scottfree-salon@2x.png */,
				6C5D27A919620C8F00118202 /* filter.png */,
				5DBA7B771963F9A400163FBC /* 1.png */,
				5DBA7B781963F9A400163FBC /* 1@2x.png */,
				5DBA7B791963F9A400163FBC /* 2.png */,
				5DBA7B7A1963F9A400163FBC /* 2@2x.png */,
				5DBA7B7B1963F9A400163FBC /* 3.png */,
				5DBA7B7C1963F9A400163FBC /* 3@2x.png */,
				5DBA7B7D1963F9A400163FBC /* 4.png */,
				5DBA7B7E1963F9A400163FBC /* 4@2x.png */,
				5DBA7B7F1963F9A400163FBC /* 5.png */,
				5DBA7B801963F9A400163FBC /* 5@2x.png */,
				6C5D27AA19620C8F00118202 /* filter@2x.png */,
				6C5D27AB19620C8F00118202 /* post-send-copy.png */,
				6C5D27AC19620C8F00118202 /* post-send-copy@2x.png */,
				6C5D27AD19620C8F00118202 /* post.png */,
				6C5D27AE19620C8F00118202 /* post@2x.png */,
				6C5D27AF19620C8F00118202 /* retake.png */,
				6C5D27B019620C8F00118202 /* retake@2x.png */,
				6C5D27B119620C8F00118202 /* snap-a-pic.png */,
				6C5D27B219620C8F00118202 /* snap-a-pic@2x.png */,
				6C5D2797196206EC00118202 /* go.png */,
				6C5D2798196206EC00118202 /* go@2x.png */,
				6C5D2799196206EC00118202 /* home-sidebar.png */,
				6C5D279A196206EC00118202 /* home-sidebar@2x.png */,
				6C5D279B196206EC00118202 /* selfie-station.png */,
				6C5D279C196206EC00118202 /* selfie-station@2x.png */,
			);
			name = Images;
			sourceTree = "<group>";
		};
/* End PBXGroup section */

/* Begin PBXNativeTarget section */
		5DFA297C19609BC5000954B0 /* Selfie */ = {
			isa = PBXNativeTarget;
			buildConfigurationList = 5DFA29AF19609BC5000954B0 /* Build configuration list for PBXNativeTarget "Selfie" */;
			buildPhases = (
				5DFA297919609BC5000954B0 /* Sources */,
				5DFA297A19609BC5000954B0 /* Frameworks */,
				5DFA297B19609BC5000954B0 /* Resources */,
			);
			buildRules = (
			);
			dependencies = (
			);
			name = Selfie;
			productName = ScottFree;
			productReference = 5DFA297D19609BC5000954B0 /* Selfie.app */;
			productType = "com.apple.product-type.application";
		};
		5DFA299D19609BC5000954B0 /* ScottFreeTests */ = {
			isa = PBXNativeTarget;
			buildConfigurationList = 5DFA29B219609BC5000954B0 /* Build configuration list for PBXNativeTarget "ScottFreeTests" */;
			buildPhases = (
				5DFA299A19609BC5000954B0 /* Sources */,
				5DFA299B19609BC5000954B0 /* Frameworks */,
				5DFA299C19609BC5000954B0 /* Resources */,
			);
			buildRules = (
			);
			dependencies = (
				5DFA29A419609BC5000954B0 /* PBXTargetDependency */,
			);
			name = ScottFreeTests;
			productName = ScottFreeTests;
			productReference = 5DFA299E19609BC5000954B0 /* ScottFreeTests.xctest */;
			productType = "com.apple.product-type.bundle.unit-test";
		};
/* End PBXNativeTarget section */

/* Begin PBXProject section */
		5DFA297519609BC5000954B0 /* Project object */ = {
			isa = PBXProject;
			attributes = {
				CLASSPREFIX = SF;
				LastUpgradeCheck = 0510;
				ORGANIZATIONNAME = "Company B";
				TargetAttributes = {
					5DFA297C19609BC5000954B0 = {
						DevelopmentTeam = QAXJ8YSX82;
					};
					5DFA299D19609BC5000954B0 = {
						TestTargetID = 5DFA297C19609BC5000954B0;
					};
				};
			};
			buildConfigurationList = 5DFA297819609BC5000954B0 /* Build configuration list for PBXProject "ScottFree" */;
			compatibilityVersion = "Xcode 3.2";
			developmentRegion = English;
			hasScannedForEncodings = 0;
			knownRegions = (
				en,
				Base,
			);
			mainGroup = 5DFA297419609BC5000954B0;
			productRefGroup = 5DFA297E19609BC5000954B0 /* Products */;
			projectDirPath = "";
			projectRoot = "";
			targets = (
				5DFA297C19609BC5000954B0 /* Selfie */,
				5DFA299D19609BC5000954B0 /* ScottFreeTests */,
			);
		};
/* End PBXProject section */

/* Begin PBXResourcesBuildPhase section */
		5DFA297B19609BC5000954B0 /* Resources */ = {
			isa = PBXResourcesBuildPhase;
			buildActionMask = 2147483647;
			files = (
				5D6020C41961313400276440 /* Hefe.png in Resources */,
				5D6020C51961313400276440 /* Increase.png in Resources */,
				5DBA7B831963F9A400163FBC /* 2.png in Resources */,
				5DE6BADF1960B3D300F69977 /* 166500__thompsonman__camera-shutter-2.wav in Resources */,
				5DE6BAD51960ADEC00F69977 /* countdown-cam.tiff in Resources */,
				5DBA7B851963F9A400163FBC /* 3.png in Resources */,
				5D6020BC1961313400276440 /* Cobalt-Crimson.png in Resources */,
				5DE6BAD81960AE1A00F69977 /* fs-countdown-off.tiff in Resources */,
				6C5D27BC19620C8F00118202 /* snap-a-pic@2x.png in Resources */,
				6C5D27A6196206EC00118202 /* home-sidebar@2x.png in Resources */,
				5DE6BAD31960ADEC00F69977 /* countdown-4up-3.tiff in Resources */,
				5D6020C91961313400276440 /* Lucille.png in Resources */,
				6C5D27B519620C8F00118202 /* post-send-copy.png in Resources */,
				6CDB3C4119631DD400AE73DF /* scottfree-salon.png in Resources */,
				5DBA7B881963F9A400163FBC /* 4@2x.png in Resources */,
				6C5D27A7196206EC00118202 /* selfie-station.png in Resources */,
				5D6020D21961313400276440 /* Walden.png in Resources */,
				6C5D27A4196206EC00118202 /* go@2x.png in Resources */,
				5DE6BAD11960ADEC00F69977 /* countdown-4up-1.tiff in Resources */,
				5DE6BAD91960AE1A00F69977 /* fs-countdown-on.tiff in Resources */,
				5D6020BD1961313400276440 /* Crimson-Clover.png in Resources */,
				5D6020C11961313400276440 /* Gold-Crimson.png in Resources */,
				5DFA299919609BC5000954B0 /* Images.xcassets in Resources */,
				5D6020C21961313400276440 /* Gotham.png in Resources */,
				5D6020D31961313400276440 /* X-Pro-II.png in Resources */,
				6C5D27BA19620C8F00118202 /* retake@2x.png in Resources */,
				5D6020CB1961313400276440 /* None.png in Resources */,
				5DBA7B761963F72200163FBC /* go-inverse@2x.png in Resources */,
				5D6020D11961313400276440 /* Toaster.png in Resources */,
				5DBA7B841963F9A400163FBC /* 2@2x.png in Resources */,
				5D6020C01961313400276440 /* Gold-Blue.png in Resources */,
				6C5D27B619620C8F00118202 /* post-send-copy@2x.png in Resources */,
				5DF73A1819616FA90049007B /* indicator.png in Resources */,
				6C5D27B419620C8F00118202 /* filter@2x.png in Resources */,
				5DF73A1619616FA90049007B /* indicator-active.png in Resources */,
				6C5D27A5196206EC00118202 /* home-sidebar.png in Resources */,
				5DBA7B861963F9A400163FBC /* 3@2x.png in Resources */,
				5DBA7B871963F9A400163FBC /* 4.png in Resources */,
				5DE6BADE1960B3D300F69977 /* 42899__freqman__canon-dos-d30-no-focus-2.wav in Resources */,
				5DBA7B891963F9A400163FBC /* 5.png in Resources */,
				5DBA7B811963F9A400163FBC /* 1.png in Resources */,
				6C5D27A3196206EC00118202 /* go.png in Resources */,
				5DF73A1719616FA90049007B /* indicator-active@2x.png in Resources */,
				6C5D27B319620C8F00118202 /* filter.png in Resources */,
				5D6020BE1961313400276440 /* Decrease.png in Resources */,
				6C5D27B719620C8F00118202 /* post.png in Resources */,
				5D6020CC1961313400276440 /* Red-Blue-Yellow.png in Resources */,
				5DE6BAD41960ADEC00F69977 /* countdown-cam_dim.tiff in Resources */,
				5D6020C31961313400276440 /* Grimes.png in Resources */,
				6C5D27A8196206EC00118202 /* selfie-station@2x.png in Resources */,
				6CDB3C4219631DD400AE73DF /* scottfree-salon@2x.png in Resources */,
				5DFA298B19609BC5000954B0 /* InfoPlist.strings in Resources */,
				5DE6BADB1960B13700F69977 /* IKBeep.aiff in Resources */,
				6C5D27B819620C8F00118202 /* post@2x.png in Resources */,
				5D6020B81961313400276440 /* Anime.png in Resources */,
				5D6020BF1961313400276440 /* Earlybird.png in Resources */,
				6C5D27B919620C8F00118202 /* retake.png in Resources */,
				5DBA7B8A1963F9A400163FBC /* 5@2x.png in Resources */,
				5D6020C81961313400276440 /* Lord-Kelvin.png in Resources */,
				5DFA299419609BC5000954B0 /* Main.storyboard in Resources */,
				5D6020D01961313400276440 /* Teal-Magenta-Gold.png in Resources */,
				5D6020CA1961313400276440 /* Nashville.png in Resources */,
				5D6020BA1961313400276440 /* Blue-Orange.png in Resources */,
				5D6020B91961313400276440 /* Blue-Brown.png in Resources */,
				5D6020BB1961313400276440 /* Brannan.png in Resources */,
				5D6020C71961313400276440 /* Lomo-fi.png in Resources */,
				5DF73A1919616FA90049007B /* indicator@2x.png in Resources */,
				6C5D27BB19620C8F00118202 /* snap-a-pic.png in Resources */,
				5DBA7B821963F9A400163FBC /* 1@2x.png in Resources */,
				5DBA7B751963F72200163FBC /* go-inverse.png in Resources */,
				5D6020CF1961313400276440 /* Sutro.png in Resources */,
				5D6020CD1961313400276440 /* Romero.png in Resources */,
				5DE6BAD21960ADEC00F69977 /* countdown-4up-2.tiff in Resources */,
				5D6020CE1961313400276440 /* Smokey.png in Resources */,
				5D6020C61961313400276440 /* Inkwell.png in Resources */,
			);
			runOnlyForDeploymentPostprocessing = 0;
		};
		5DFA299C19609BC5000954B0 /* Resources */ = {
			isa = PBXResourcesBuildPhase;
			buildActionMask = 2147483647;
			files = (
				5DFA29AA19609BC5000954B0 /* InfoPlist.strings in Resources */,
			);
			runOnlyForDeploymentPostprocessing = 0;
		};
/* End PBXResourcesBuildPhase section */

/* Begin PBXSourcesBuildPhase section */
		5DFA297919609BC5000954B0 /* Sources */ = {
			isa = PBXSourcesBuildPhase;
			buildActionMask = 2147483647;
			files = (
				5DFA298D19609BC5000954B0 /* main.m in Sources */,
				5DFA299719609BC5000954B0 /* SFViewController.m in Sources */,
				5DF73A0719613E1B0049007B /* AVCamPreviewView.m in Sources */,
				6C5D278F1961FDE100118202 /* SFFilterView.m in Sources */,
				5DFA299119609BC5000954B0 /* SFAppDelegate.m in Sources */,
				6CDB3C481963685B00AE73DF /* ZFModalTransitionAnimator.m in Sources */,
				5D60209A196130ED00276440 /* CIFilter+LUT.m in Sources */,
				5DF73A0819613E1B0049007B /* AVCamViewController.m in Sources */,
				5DF73A22196191630049007B /* UIImage+RoundedCorner.m in Sources */,
				5DF73A21196191630049007B /* UIImage+Alpha.m in Sources */,
				5DF73A1C19618FCD0049007B /* UIImage+Resize.m in Sources */,
				5DF73A0619613E1B0049007B /* AVCamAppDelegate.m in Sources */,
				6CDB3C4B19636A9F00AE73DF /* SFModalViewController.m in Sources */,
			);
			runOnlyForDeploymentPostprocessing = 0;
		};
		5DFA299A19609BC5000954B0 /* Sources */ = {
			isa = PBXSourcesBuildPhase;
			buildActionMask = 2147483647;
			files = (
				5DFA29AC19609BC5000954B0 /* ScottFreeTests.m in Sources */,
			);
			runOnlyForDeploymentPostprocessing = 0;
		};
/* End PBXSourcesBuildPhase section */

/* Begin PBXTargetDependency section */
		5DFA29A419609BC5000954B0 /* PBXTargetDependency */ = {
			isa = PBXTargetDependency;
			target = 5DFA297C19609BC5000954B0 /* Selfie */;
			targetProxy = 5DFA29A319609BC5000954B0 /* PBXContainerItemProxy */;
		};
/* End PBXTargetDependency section */

/* Begin PBXVariantGroup section */
		5DFA298919609BC5000954B0 /* InfoPlist.strings */ = {
			isa = PBXVariantGroup;
			children = (
				5DFA298A19609BC5000954B0 /* en */,
			);
			name = InfoPlist.strings;
			sourceTree = "<group>";
		};
		5DFA299219609BC5000954B0 /* Main.storyboard */ = {
			isa = PBXVariantGroup;
			children = (
				5DFA299319609BC5000954B0 /* Base */,
			);
			name = Main.storyboard;
			sourceTree = "<group>";
		};
		5DFA29A819609BC5000954B0 /* InfoPlist.strings */ = {
			isa = PBXVariantGroup;
			children = (
				5DFA29A919609BC5000954B0 /* en */,
			);
			name = InfoPlist.strings;
			sourceTree = "<group>";
		};
/* End PBXVariantGroup section */

/* Begin XCBuildConfiguration section */
		5DFA29AD19609BC5000954B0 /* Debug */ = {
			isa = XCBuildConfiguration;
			buildSettings = {
				ALWAYS_SEARCH_USER_PATHS = NO;
				CLANG_CXX_LANGUAGE_STANDARD = "gnu++0x";
				CLANG_CXX_LIBRARY = "libc++";
				CLANG_ENABLE_MODULES = YES;
				CLANG_ENABLE_OBJC_ARC = YES;
				CLANG_WARN_BOOL_CONVERSION = YES;
				CLANG_WARN_CONSTANT_CONVERSION = YES;
				CLANG_WARN_DIRECT_OBJC_ISA_USAGE = YES_ERROR;
				CLANG_WARN_EMPTY_BODY = YES;
				CLANG_WARN_ENUM_CONVERSION = YES;
				CLANG_WARN_INT_CONVERSION = YES;
				CLANG_WARN_OBJC_ROOT_CLASS = YES_ERROR;
				CLANG_WARN__DUPLICATE_METHOD_MATCH = YES;
				"CODE_SIGN_IDENTITY[sdk=iphoneos*]" = "iPhone Developer";
				COPY_PHASE_STRIP = NO;
				GCC_C_LANGUAGE_STANDARD = gnu99;
				GCC_DYNAMIC_NO_PIC = NO;
				GCC_OPTIMIZATION_LEVEL = 0;
				GCC_PREPROCESSOR_DEFINITIONS = (
					"DEBUG=1",
					"$(inherited)",
				);
				GCC_SYMBOLS_PRIVATE_EXTERN = NO;
				GCC_WARN_64_TO_32_BIT_CONVERSION = YES;
				GCC_WARN_ABOUT_RETURN_TYPE = YES_ERROR;
				GCC_WARN_UNDECLARED_SELECTOR = YES;
				GCC_WARN_UNINITIALIZED_AUTOS = YES_AGGRESSIVE;
				GCC_WARN_UNUSED_FUNCTION = YES;
				GCC_WARN_UNUSED_VARIABLE = YES;
				IPHONEOS_DEPLOYMENT_TARGET = 7.1;
				ONLY_ACTIVE_ARCH = YES;
				SDKROOT = iphoneos;
				TARGETED_DEVICE_FAMILY = 2;
			};
			name = Debug;
		};
		5DFA29AE19609BC5000954B0 /* Release */ = {
			isa = XCBuildConfiguration;
			buildSettings = {
				ALWAYS_SEARCH_USER_PATHS = NO;
				CLANG_CXX_LANGUAGE_STANDARD = "gnu++0x";
				CLANG_CXX_LIBRARY = "libc++";
				CLANG_ENABLE_MODULES = YES;
				CLANG_ENABLE_OBJC_ARC = YES;
				CLANG_WARN_BOOL_CONVERSION = YES;
				CLANG_WARN_CONSTANT_CONVERSION = YES;
				CLANG_WARN_DIRECT_OBJC_ISA_USAGE = YES_ERROR;
				CLANG_WARN_EMPTY_BODY = YES;
				CLANG_WARN_ENUM_CONVERSION = YES;
				CLANG_WARN_INT_CONVERSION = YES;
				CLANG_WARN_OBJC_ROOT_CLASS = YES_ERROR;
				CLANG_WARN__DUPLICATE_METHOD_MATCH = YES;
				"CODE_SIGN_IDENTITY[sdk=iphoneos*]" = "iPhone Developer";
				COPY_PHASE_STRIP = YES;
				ENABLE_NS_ASSERTIONS = NO;
				GCC_C_LANGUAGE_STANDARD = gnu99;
				GCC_WARN_64_TO_32_BIT_CONVERSION = YES;
				GCC_WARN_ABOUT_RETURN_TYPE = YES_ERROR;
				GCC_WARN_UNDECLARED_SELECTOR = YES;
				GCC_WARN_UNINITIALIZED_AUTOS = YES_AGGRESSIVE;
				GCC_WARN_UNUSED_FUNCTION = YES;
				GCC_WARN_UNUSED_VARIABLE = YES;
				IPHONEOS_DEPLOYMENT_TARGET = 7.1;
				SDKROOT = iphoneos;
				TARGETED_DEVICE_FAMILY = 2;
				VALIDATE_PRODUCT = YES;
			};
			name = Release;
		};
		5DFA29B019609BC5000954B0 /* Debug */ = {
			isa = XCBuildConfiguration;
			buildSettings = {
				ASSETCATALOG_COMPILER_APPICON_NAME = AppIcon;
				ASSETCATALOG_COMPILER_LAUNCHIMAGE_NAME = LaunchImage;
				CODE_SIGN_IDENTITY = "iPhone Developer";
				"CODE_SIGN_IDENTITY[sdk=iphoneos*]" = "iPhone Developer";
				GCC_PRECOMPILE_PREFIX_HEADER = YES;
				GCC_PREFIX_HEADER = "ScottFree/ScottFree-Prefix.pch";
				INFOPLIST_FILE = "ScottFree/ScottFree-Info.plist";
				PRODUCT_NAME = "$(TARGET_NAME)";
				PROVISIONING_PROFILE = "";
				WRAPPER_EXTENSION = app;
			};
			name = Debug;
		};
		5DFA29B119609BC5000954B0 /* Release */ = {
			isa = XCBuildConfiguration;
			buildSettings = {
				ASSETCATALOG_COMPILER_APPICON_NAME = AppIcon;
				ASSETCATALOG_COMPILER_LAUNCHIMAGE_NAME = LaunchImage;
				CODE_SIGN_IDENTITY = "iPhone Developer";
				"CODE_SIGN_IDENTITY[sdk=iphoneos*]" = "iPhone Developer";
				GCC_PRECOMPILE_PREFIX_HEADER = YES;
				GCC_PREFIX_HEADER = "ScottFree/ScottFree-Prefix.pch";
				INFOPLIST_FILE = "ScottFree/ScottFree-Info.plist";
				PRODUCT_NAME = "$(TARGET_NAME)";
				PROVISIONING_PROFILE = "";
				WRAPPER_EXTENSION = app;
			};
			name = Release;
		};
		5DFA29B319609BC5000954B0 /* Debug */ = {
			isa = XCBuildConfiguration;
			buildSettings = {
				BUNDLE_LOADER = "$(BUILT_PRODUCTS_DIR)/ScottFree.app/ScottFree";
				FRAMEWORK_SEARCH_PATHS = (
					"$(SDKROOT)/Developer/Library/Frameworks",
					"$(inherited)",
					"$(DEVELOPER_FRAMEWORKS_DIR)",
				);
				GCC_PRECOMPILE_PREFIX_HEADER = YES;
				GCC_PREFIX_HEADER = "ScottFree/ScottFree-Prefix.pch";
				GCC_PREPROCESSOR_DEFINITIONS = (
					"DEBUG=1",
					"$(inherited)",
				);
				INFOPLIST_FILE = "ScottFreeTests/ScottFreeTests-Info.plist";
				PRODUCT_NAME = "$(TARGET_NAME)";
				TEST_HOST = "$(BUNDLE_LOADER)";
				WRAPPER_EXTENSION = xctest;
			};
			name = Debug;
		};
		5DFA29B419609BC5000954B0 /* Release */ = {
			isa = XCBuildConfiguration;
			buildSettings = {
				BUNDLE_LOADER = "$(BUILT_PRODUCTS_DIR)/ScottFree.app/ScottFree";
				FRAMEWORK_SEARCH_PATHS = (
					"$(SDKROOT)/Developer/Library/Frameworks",
					"$(inherited)",
					"$(DEVELOPER_FRAMEWORKS_DIR)",
				);
				GCC_PRECOMPILE_PREFIX_HEADER = YES;
				GCC_PREFIX_HEADER = "ScottFree/ScottFree-Prefix.pch";
				INFOPLIST_FILE = "ScottFreeTests/ScottFreeTests-Info.plist";
				PRODUCT_NAME = "$(TARGET_NAME)";
				TEST_HOST = "$(BUNDLE_LOADER)";
				WRAPPER_EXTENSION = xctest;
			};
			name = Release;
		};
/* End XCBuildConfiguration section */

/* Begin XCConfigurationList section */
		5DFA297819609BC5000954B0 /* Build configuration list for PBXProject "ScottFree" */ = {
			isa = XCConfigurationList;
			buildConfigurations = (
				5DFA29AD19609BC5000954B0 /* Debug */,
				5DFA29AE19609BC5000954B0 /* Release */,
			);
			defaultConfigurationIsVisible = 0;
			defaultConfigurationName = Release;
		};
		5DFA29AF19609BC5000954B0 /* Build configuration list for PBXNativeTarget "Selfie" */ = {
			isa = XCConfigurationList;
			buildConfigurations = (
				5DFA29B019609BC5000954B0 /* Debug */,
				5DFA29B119609BC5000954B0 /* Release */,
			);
			defaultConfigurationIsVisible = 0;
			defaultConfigurationName = Release;
		};
		5DFA29B219609BC5000954B0 /* Build configuration list for PBXNativeTarget "ScottFreeTests" */ = {
			isa = XCConfigurationList;
			buildConfigurations = (
				5DFA29B319609BC5000954B0 /* Debug */,
				5DFA29B419609BC5000954B0 /* Release */,
			);
			defaultConfigurationIsVisible = 0;
			defaultConfigurationName = Release;
		};
/* End XCConfigurationList section */
	};
	rootObject = 5DFA297519609BC5000954B0 /* Project object */;
}
